<?xml version="1.0" encoding="utf-8"?>
<Project ToolsVersion="4.0" xmlns="http://schemas.microsoft.com/developer/msbuild/2003">
  <ItemGroup>
    <Filter Include="Source Files">
      <UniqueIdentifier>{652afc19-ab0b-41de-9e94-7bde51a30a92}</UniqueIdentifier>
      <Extensions>cpp;c;cxx;rc;def;r;odl;idl;hpj;bat</Extensions>
    </Filter>
    <Filter Include="Header Files">
      <UniqueIdentifier>{76bf1308-ffbe-4eb4-8e7a-6155c2bf14e2}</UniqueIdentifier>
      <Extensions>h;hpp;hxx;hm;inl</Extensions>
    </Filter>
    <Filter Include="Resource Files">
      <UniqueIdentifier>{0fa0c6cc-e865-48f4-9db3-f2c995dceade}</UniqueIdentifier>
      <Extensions>ico;cur;bmp;dlg;rc2;rct;bin;rgs;gif;jpg;jpeg;jpe</Extensions>
    </Filter>
  </ItemGroup>
  <ItemGroup>
    <ClCompile Include="ADO.cpp">
      <Filter>Source Files</Filter>
    </ClCompile>
    <ClCompile Include="BitSet.cpp">
      <Filter>Source Files</Filter>
    </ClCompile>
    <ClCompile Include="BitShowBar.cpp">
      <Filter>Source Files</Filter>
    </ClCompile>
    <ClCompile Include="ButtonBar.cpp">
      <Filter>Source Files</Filter>
    </ClCompile>
    <ClCompile Include="Calendar.cpp">
      <Filter>Source Files</Filter>
    </ClCompile>
    <ClCompile Include="CalendarShow.cpp">
      <Filter>Source Files</Filter>
    </ClCompile>
    <ClCompile Include="ChartControl.cpp">
      <Filter>Source Files</Filter>
    </ClCompile>
    <ClCompile Include="ChildFrm.cpp">
      <Filter>Source Files</Filter>
    </ClCompile>
    <ClCompile Include="CommSet.cpp">
      <Filter>Source Files</Filter>
    </ClCompile>
    <ClCompile Include="DialogBarBit.cpp">
      <Filter>Source Files</Filter>
    </ClCompile>
    <ClCompile Include="DlaglogBarRW.cpp">
      <Filter>Source Files</Filter>
    </ClCompile>
    <ClCompile Include="MainFrm.cpp">
      <Filter>Source Files</Filter>
    </ClCompile>
    <ClCompile Include="MyCalendarDlg.cpp">
      <Filter>Source Files</Filter>
    </ClCompile>
    <ClCompile Include="MyChart.cpp">
      <Filter>Source Files</Filter>
    </ClCompile>
    <ClCompile Include="OldChart.cpp">
      <Filter>Source Files</Filter>
    </ClCompile>
    <ClCompile Include="PassWord.cpp">
      <Filter>Source Files</Filter>
    </ClCompile>
    <ClCompile Include="SatCon.cpp">
      <Filter>Source Files</Filter>
    </ClCompile>
    <ClCompile Include="SatConBitShowDoc.cpp">
      <Filter>Source Files</Filter>
    </ClCompile>
    <ClCompile Include="SatConBitShowView.cpp">
      <Filter>Source Files</Filter>
    </ClCompile>
    <ClCompile Include="SatConReadDoc.cpp">
      <Filter>Source Files</Filter>
    </ClCompile>
    <ClCompile Include="SatConReadView.cpp">
      <Filter>Source Files</Filter>
    </ClCompile>
    <ClCompile Include="SatConWriteDoc.cpp">
      <Filter>Source Files</Filter>
    </ClCompile>
    <ClCompile Include="SatConWriteView.cpp">
      <Filter>Source Files</Filter>
    </ClCompile>
    <ClCompile Include="SelectDir.cpp">
      <Filter>Source Files</Filter>
    </ClCompile>
    <ClCompile Include="SerialPort.cpp">
      <Filter>Source Files</Filter>
    </ClCompile>
    <ClCompile Include="SetParaDlg.cpp">
      <Filter>Source Files</Filter>
    </ClCompile>
    <ClCompile Include="StdAfx.cpp">
      <Filter>Source Files</Filter>
    </ClCompile>
    <ClCompile Include="SubBitDlg.cpp">
      <Filter>Source Files</Filter>
    </ClCompile>
    <ClCompile Include="SubDlg.cpp">
      <Filter>Source Files</Filter>
    </ClCompile>
    <ClCompile Include="SubWriteDlg.cpp">
      <Filter>Source Files</Filter>
    </ClCompile>
    <ClCompile Include="TopBitSet.cpp">
      <Filter>Source Files</Filter>
    </ClCompile>
    <ClCompile Include="TopReadSet.cpp">
      <Filter>Source Files</Filter>
    </ClCompile>
    <ClCompile Include="UniButton.cpp">
      <Filter>Source Files</Filter>
    </ClCompile>
    <ClCompile Include="VarNameSetDlg.cpp">
      <Filter>Source Files</Filter>
    </ClCompile>
  </ItemGroup>
  <ItemGroup>
    <ClInclude Include="BaseData.h">
      <Filter>Source Files</Filter>
    </ClInclude>
    <ClInclude Include="ADO.h">
      <Filter>Header Files</Filter>
    </ClInclude>
    <ClInclude Include="BitSet.h">
      <Filter>Header Files</Filter>
    </ClInclude>
    <ClInclude Include="BitShowBar.h">
      <Filter>Header Files</Filter>
    </ClInclude>
    <ClInclude Include="ButtonBar.h">
      <Filter>Header Files</Filter>
    </ClInclude>
    <ClInclude Include="Calendar.h">
      <Filter>Header Files</Filter>
    </ClInclude>
    <ClInclude Include="CalendarShow.h">
      <Filter>Header Files</Filter>
    </ClInclude>
    <ClInclude Include="ChartControl.h">
      <Filter>Header Files</Filter>
    </ClInclude>
    <ClInclude Include="ChildFrm.h">
      <Filter>Header Files</Filter>
    </ClInclude>
    <ClInclude Include="CommSet.h">
      <Filter>Header Files</Filter>
    </ClInclude>
    <ClInclude Include="DialogBarBit.h">
      <Filter>Header Files</Filter>
    </ClInclude>
    <ClInclude Include="DlaglogBarRW.h">
      <Filter>Header Files</Filter>
    </ClInclude>
    <ClInclude Include="MainFrm.h">
      <Filter>Header Files</Filter>
    </ClInclude>
    <ClInclude Include="MyCalendarDlg.h">
      <Filter>Header Files</Filter>
    </ClInclude>
    <ClInclude Include="MyChart.h">
      <Filter>Header Files</Filter>
    </ClInclude>
    <ClInclude Include="OldChart.h">
      <Filter>Header Files</Filter>
    </ClInclude>
    <ClInclude Include="PassWord.h">
      <Filter>Header Files</Filter>
    </ClInclude>
    <ClInclude Include="Resource.h">
      <Filter>Header Files</Filter>
    </ClInclude>
    <ClInclude Include="SatCon.h">
      <Filter>Header Files</Filter>
    </ClInclude>
    <ClInclude Include="SatConBitShowDoc.h">
      <Filter>Header Files</Filter>
    </ClInclude>
    <ClInclude Include="SatConBitShowView.h">
      <Filter>Header Files</Filter>
    </ClInclude>
    <ClInclude Include="SatConReadDoc.h">
      <Filter>Header Files</Filter>
    </ClInclude>
    <ClInclude Include="SatConReadView.h">
      <Filter>Header Files</Filter>
    </ClInclude>
    <ClInclude Include="SatConWriteDoc.h">
      <Filter>Header Files</Filter>
    </ClInclude>
    <ClInclude Include="SatConWriteView.h">
      <Filter>Header Files</Filter>
    </ClInclude>
    <ClInclude Include="SelectDir.h">
      <Filter>Header Files</Filter>
    </ClInclude>
    <ClInclude Include="SerialPort.h">
      <Filter>Header Files</Filter>
    </ClInclude>
    <ClInclude Include="SetParaDlg.h">
      <Filter>Header Files</Filter>
    </ClInclude>
    <ClInclude Include="StdAfx.h">
      <Filter>Header Files</Filter>
    </ClInclude>
    <ClInclude Include="SubBitDlg.h">
      <Filter>Header Files</Filter>
    </ClInclude>
    <ClInclude Include="SubDlg.h">
      <Filter>Header Files</Filter>
    </ClInclude>
    <ClInclude Include="SubWriteDlg.h">
      <Filter>Header Files</Filter>
    </ClInclude>
    <ClInclude Include="TopBitSet.h">
      <Filter>Header Files</Filter>
    </ClInclude>
    <ClInclude Include="TopReadSet.h">
      <Filter>Header Files</Filter>
    </ClInclude>
    <ClInclude Include="UniButton.h">
      <Filter>Header Files</Filter>
    </ClInclude>
    <ClInclude Include="VarNameSetDlg.h">
      <Filter>Header Files</Filter>
    </ClInclude>
  </ItemGroup>
  <ItemGroup>
    <ResourceCompile Include="SatCon.rc">
      <Filter>Source Files</Filter>
    </ResourceCompile>
  </ItemGroup>
  <ItemGroup>
    <Image Include="res\arrow.bmp">
      <Filter>Resource Files</Filter>
    </Image>
    <Image Include="res\Arrow.ico">
      <Filter>Resource Files</Filter>
    </Image>
    <Image Include="res\bitmap1.bmp">
      <Filter>Resource Files</Filter>
    </Image>
    <Image Include="res\bitmap2.bmp">
      <Filter>Resource Files</Filter>
    </Image>
    <Image Include="res\icon1.ico">
      <Filter>Resource Files</Filter>
    </Image>
    <Image Include="res\idr_satc.ico">
      <Filter>Resource Files</Filter>
    </Image>
    <Image Include="mdi.ico">
      <Filter>Resource Files</Filter>
    </Image>
    <Image Include="res\reset.bmp">
      <Filter>Resource Files</Filter>
    </Image>
    <Image Include="res\Room.ico">
      <Filter>Resource Files</Filter>
    </Image>
    <Image Include="res\SatCon.ico">
      <Filter>Resource Files</Filter>
    </Image>
    <Image Include="res\SatConReadDoc.ico">
      <Filter>Resource Files</Filter>
    </Image>
    <Image Include="res\shutdown.bmp">
      <Filter>Resource Files</Filter>
    </Image>
    <Image Include="res\start.bmp">
      <Filter>Resource Files</Filter>
    </Image>
    <Image Include="res\Stop.bmp">
      <Filter>Resource Files</Filter>
    </Image>
    <Image Include="res\stop.ico">
      <Filter>Resource Files</Filter>
    </Image>
    <Image Include="res\Toolbar.bmp">
      <Filter>Resource Files</Filter>
    </Image>
    <Image Include="res\Trigon.ico">
      <Filter>Resource Files</Filter>
    </Image>
  </ItemGroup>
  <ItemGroup>
    <Text Include="ReadMe.txt" />
  </ItemGroup>
  <ItemGroup>
    <CustomBuild Include="res\SatCon.rc2">
      <Filter>Resource Files</Filter>
    </CustomBuild>
  </ItemGroup>
</Project>